
Microsoft Visual Studio Solution File, Format Version 12.00
# Visual Studio Version 16
VisualStudioVersion = 16.0.31729.503
MinimumVisualStudioVersion = 10.0.40219.1
Project("{FAE04EC0-301F-11D3-BF4B-00C04F79EFBC}") = "studen_sum", "studen_sum.csproj", "{4346F0AB-B2C6-4A05-823D-06766B3F93DF}"
EndProject
Global
	GlobalSection(SolutionConfigurationPlatforms) = preSolution
		Debug|Any CPU = Debug|Any CPU
		Release|Any CPU = Release|Any CPU
	EndGlobalSection
	GlobalSection(ProjectConfigurationPlatforms) = postSolution
		{4346F0AB-B2C6-4A05-823D-06766B3F93DF}.Debug|Any CPU.ActiveCfg = Debug|Any CPU
		{4346F0AB-B2C6-4A05-823D-06766B3F93DF}.Debug|Any CPU.Build.0 = Debug|Any CPU
		{4346F0AB-B2C6-4A05-823D-06766B3F93DF}.Release|Any CPU.ActiveCfg = Release|Any CPU
		{4346F0AB-B2C6-4A05-823D-06766B3F93DF}.Release|Any CPU.Build.0 = Release|Any CPU
	EndGlobalSection
	GlobalSection(SolutionProperties) = preSolution
		HideSolutionNode = FALSE
	EndGlobalSection
	GlobalSection(ExtensibilityGlobals) = postSolution
		SolutionGuid = {3B091C45-E46E-4237-AF03-5C5B6B6A8A48}
	EndGlobalSection
EndGlobal
